Microsoft Visual Studio Solution File, Format Version 12.00
# Visual Studio Version 17
VisualStudioVersion = 17.13.35919.96
MinimumVisualStudioVersion = 10.0.40219.1
Project("{FAE04EC0-301F-11D3-BF4B-00C04F79EFBC}") = "ApiReservas", "ApiReservas.csproj", "{0CFB0380-0238-4D17-9F2D-572F9BACED9B}"
EndProject
Global
	GlobalSection(SolutionConfigurationPlatforms) = preSolution
		Debug|Any CPU = Debug|Any CPU
		Release|Any CPU = Release|Any CPU
	EndGlobalSection
	GlobalSection(ProjectConfigurationPlatforms) = postSolution
		{0CFB0380-0238-4D17-9F2D-572F9BACED9B}.Debug|Any CPU.ActiveCfg = Debug|Any CPU
		{0CFB0380-0238-4D17-9F2D-572F9BACED9B}.Debug|Any CPU.Build.0 = Debug|Any CPU
		{0CFB0380-0238-4D17-9F2D-572F9BACED9B}.Release|Any CPU.ActiveCfg = Release|Any CPU
		{0CFB0380-0238-4D17-9F2D-572F9BACED9B}.Release|Any CPU.Build.0 = Release|Any CPU
	EndGlobalSection
	GlobalSection(SolutionProperties) = preSolution
		HideSolutionNode = FALSE
	EndGlobalSection
	GlobalSection(ExtensibilityGlobals) = postSolution
		SolutionGuid = {44F95724-D8C3-4F99-90A2-4C80F385AAC3}
	EndGlobalSection
EndGlobal
